// !$*UTF8*$!
{
	archiveVersion = 1;
	classes = {
	};
	objectVersion = 46;
	objects = {

/* Begin PBXBuildFile section */
		E50AEB0A1E7FD0BA00AD5387 /* AppDelegate.swift in Sources */ = {isa = PBXBuildFile; fileRef = E50AEB091E7FD0BA00AD5387 /* AppDelegate.swift */; };
		E50AEB0C1E7FD0BA00AD5387 /* ViewController.swift in Sources */ = {isa = PBXBuildFile; fileRef = E50AEB0B1E7FD0BA00AD5387 /* ViewController.swift */; };
		E50AEB0F1E7FD0BA00AD5387 /* Main.storyboard in Resources */ = {isa = PBXBuildFile; fileRef = E50AEB0D1E7FD0BA00AD5387 /* Main.storyboard */; };
		E50AEB111E7FD0BA00AD5387 /* Assets.xcassets in Resources */ = {isa = PBXBuildFile; fileRef = E50AEB101E7FD0BA00AD5387 /* Assets.xcassets */; };
		E50AEB141E7FD0BA00AD5387 /* LaunchScreen.storyboard in Resources */ = {isa = PBXBuildFile; fileRef = E50AEB121E7FD0BA00AD5387 /* LaunchScreen.storyboard */; };
/* End PBXBuildFile section */

/* Begin PBXFileReference section */
		E50AEB061E7FD0BA00AD5387 /* FirstRepository.app */ = {isa = PBXFileReference; explicitFileType = wrapper.application; includeInIndex = 0; path = FirstRepository.app; sourceTree = BUILT_PRODUCTS_DIR; };
		E50AEB091E7FD0BA00AD5387 /* AppDelegate.swift */ = {isa = PBXFileReference; lastKnownFileType = sourcecode.swift; path = AppDelegate.swift; sourceTree = "<group>"; };
		E50AEB0B1E7FD0BA00AD5387 /* ViewController.swift */ = {isa = PBXFileReference; lastKnownFileType = sourcecode.swift; path = ViewController.swift; sourceTree = "<group>"; };
		E50AEB0E1E7FD0BA00AD5387 /* Base */ = {isa = PBXFileReference; lastKnownFileType = file.storyboard; name = Base; path = Base.lproj/Main.storyboard; sourceTree = "<group>"; };
		E50AEB101E7FD0BA00AD5387 /* Assets.xcassets */ = {isa = PBXFileReference; lastKnownFileType = folder.assetcatalog; path = Assets.xcassets; sourceTree = "<group>"; };
		E50AEB131E7FD0BA00AD5387 /* Base */ = {isa = PBXFileReference; lastKnownFileType = file.storyboard; name = Base; path = Base.lproj/LaunchScreen.storyboard; sourceTree = "<group>"; };
		E50AEB151E7FD0BA00AD5387 /* Info.plist */ = {isa = PBXFileReference; lastKnownFileType = text.plist.xml; path = Info.plist; sourceTree = "<group>"; };
/* End PBXFileReference section */

/* Begin PBXFrameworksBuildPhase section */
		E50AEB031E7FD0B900AD5387 /* Frameworks */ = {
			isa = PBXFrameworksBuildPhase;
			buildActionMask = 2147483647;
			files = (
			);
			runOnlyForDeploymentPostprocessing = 0;
		};
/* End PBXFrameworksBuildPhase section */

/* Begin PBXGroup section */
		E50AEAFD1E7FD0B900AD5387 = {
			isa = PBXGroup;
			children = (
				E50AEB081E7FD0BA00AD5387 /* FirstRepository */,
				E50AEB071E7FD0BA00AD5387 /* Products */,
			);
			sourceTree = "<group>";
		};
		E50AEB071E7FD0BA00AD5387 /* Products */ = {
			isa = PBXGroup;
			children = (
				E50AEB061E7FD0BA00AD5387 /* FirstRepository.app */,
			);
			name = Products;
			sourceTree = "<group>";
		};
		E50AEB081E7FD0BA00AD5387 /* FirstRepository */ = {
			isa = PBXGroup;
			children = (
				E50AEB091E7FD0BA00AD5387 /* AppDelegate.swift */,
				E50AEB0B1E7FD0BA00AD5387 /* ViewController.swift */,
				E50AEB0D1E7FD0BA00AD5387 /* Main.storyboard */,
				E50AEB101E7FD0BA00AD5387 /* Assets.xcassets */,
				E50AEB121E7FD0BA00AD5387 /* LaunchScreen.storyboard */,
				E50AEB151E7FD0BA00AD5387 /* Info.plist */,
			);
			path = FirstRepository;
			sourceTree = "<group>";
		};
/* End PBXGroup section */

/* Begin PBXNativeTarget section */
		E50AEB051E7FD0B900AD5387 /* FirstRepository */ = {
			isa = PBXNativeTarget;
			buildConfigurationList = E50AEB181E7FD0BA00AD5387 /* Build configuration list for PBXNativeTarget "FirstRepository" */;
			buildPhases = (
				E50AEB021E7FD0B900AD5387 /* Sources */,
				E50AEB031E7FD0B900AD5387 /* Frameworks */,
				E50AEB041E7FD0B900AD5387 /* Resources */,
			);
			buildRules = (
			);
			dependencies = (
			);
			name = FirstRepository;
			productName = FirstRepository;
			productReference = E50AEB061E7FD0BA00AD5387 /* FirstRepository.app */;
			productType = "com.apple.product-type.application";
		};
/* End PBXNativeTarget section */

/* Begin PBXProject section */
		E50AEAFE1E7FD0B900AD5387 /* Project object */ = {
			isa = PBXProject;
			attributes = {
				LastSwiftUpdateCheck = 0820;
				LastUpgradeCheck = 0820;
				ORGANIZATIONNAME = "Razvan Litianu";
				TargetAttributes = {
					E50AEB051E7FD0B900AD5387 = {
						CreatedOnToolsVersion = 8.2.1;
						DevelopmentTeam = 7D58NW9336;
						ProvisioningStyle = Automatic;
					};
				};
			};
			buildConfigurationList = E50AEB011E7FD0B900AD5387 /* Build configuration list for PBXProject "FirstRepository" */;
			compatibilityVersion = "Xcode 3.2";
			developmentRegion = English;
			hasScannedForEncodings = 0;
			knownRegions = (
				en,
				Base,
			);
			mainGroup = E50AEAFD1E7FD0B900AD5387;
			productRefGroup = E50AEB071E7FD0BA00AD5387 /* Products */;
			projectDirPath = "";
			projectRoot = "";
			targets = (
				E50AEB051E7FD0B900AD5387 /* FirstRepository */,
			);
		};
/* End PBXProject section */

/* Begin PBXResourcesBuildPhase section */
		E50AEB041E7FD0B900AD5387 /* Resources */ = {
			isa = PBXResourcesBuildPhase;
			buildActionMask = 2147483647;
			files = (
				E50AEB141E7FD0BA00AD5387 /* LaunchScreen.storyboard in Resources */,
				E50AEB111E7FD0BA00AD5387 /* Assets.xcassets in Resources */,
				E50AEB0F1E7FD0BA00AD5387 /* Main.storyboard in Resources */,
			);
			runOnlyForDeploymentPostprocessing = 0;
		};
/* End PBXResourcesBuildPhase section */

/* Begin PBXSourcesBuildPhase section */
		E50AEB021E7FD0B900AD5387 /* Sources */ = {
			isa = PBXSourcesBuildPhase;
			buildActionMask = 2147483647;
			files = (
				E50AEB0C1E7FD0BA00AD5387 /* ViewController.swift in Sources */,
				E50AEB0A1E7FD0BA00AD5387 /* AppDelegate.swift in Sources */,
			);
			runOnlyForDeploymentPostprocessing = 0;
		};
/* End PBXSourcesBuildPhase section */

/* Begin PBXVariantGroup section */
		E50AEB0D1E7FD0BA00AD5387 /* Main.storyboard */ = {
			isa = PBXVariantGroup;
			children = (
				E50AEB0E1E7FD0BA00AD5387 /* Base */,
			);
			name = Main.storyboard;
			sourceTree = "<group>";
		};
		E50AEB121E7FD0BA00AD5387 /* LaunchScreen.storyboard */ = {
			isa = PBXVariantGroup;
			children = (
				E50AEB131E7FD0BA00AD5387 /* Base */,
			);
			name = LaunchScreen.storyboard;
			sourceTree = "<group>";
		};
/* End PBXVariantGroup section */

/* Begin XCBuildConfiguration section */
		E50AEB161E7FD0BA00AD5387 /* Debug */ = {
			isa = XCBuildConfiguration;
			buildSettings = {
				ALWAYS_SEARCH_USER_PATHS = NO;
				CLANG_ANALYZER_NONNULL = YES;
				CLANG_CXX_LANGUAGE_STANDARD = "gnu++0x";
				CLANG_CXX_LIBRARY = "libc++";
				CLANG_ENABLE_MODULES = YES;
				CLANG_ENABLE_OBJC_ARC = YES;
				CLANG_WARN_BOOL_CONVERSION = YES;
				CLANG_WARN_CONSTANT_CONVERSION = YES;
				CLANG_WARN_DIRECT_OBJC_ISA_USAGE = YES_ERROR;
				CLANG_WARN_DOCUMENTATION_COMMENTS = YES;
				CLANG_WARN_EMPTY_BODY = YES;
				CLANG_WARN_ENUM_CONVERSION = YES;
				CLANG_WARN_INFINITE_RECURSION = YES;
				CLANG_WARN_INT_CONVERSION = YES;
				CLANG_WARN_OBJC_ROOT_CLASS = YES_ERROR;
				CLANG_WARN_SUSPICIOUS_MOVE = YES;
				CLANG_WARN_UNREACHABLE_CODE = YES;
				CLANG_WARN__DUPLICATE_METHOD_MATCH = YES;
				"CODE_SIGN_IDENTITY[sdk=iphoneos*]" = "iPhone Developer";
				COPY_PHASE_STRIP = NO;
				DEBUG_INFORMATION_FORMAT = dwarf;
				ENABLE_STRICT_OBJC_MSGSEND = YES;
				ENABLE_TESTABILITY = YES;
				GCC_C_LANGUAGE_STANDARD = gnu99;
				GCC_DYNAMIC_NO_PIC = NO;
				GCC_NO_COMMON_BLOCKS = YES;
				GCC_OPTIMIZATION_LEVEL = 0;
				GCC_PREPROCESSOR_DEFINITIONS = (
					"DEBUG=1",
					"$(inherited)",
				);
				GCC_WARN_64_TO_32_BIT_CONVERSION = YES;
				GCC_WARN_ABOUT_RETURN_TYPE = YES_ERROR;
				GCC_WARN_UNDECLARED_SELECTOR = YES;
				GCC_WARN_UNINITIALIZED_AUTOS = YES_AGGRESSIVE;
				GCC_WARN_UNUSED_FUNCTION = YES;
				GCC_WARN_UNUSED_VARIABLE = YES;
				IPHONEOS_DEPLOYMENT_TARGET = 10.2;
				MTL_ENABLE_DEBUG_INFO = YES;
				ONLY_ACTIVE_ARCH = YES;
				SDKROOT = iphoneos;
				SWIFT_ACTIVE_COMPILATION_CONDITIONS = DEBUG;
				SWIFT_OPTIMIZATION_LEVEL = "-Onone";
				TARGETED_DEVICE_FAMILY = "1,2";
			};
			name = Debug;
		};
		E50AEB171E7FD0BA00AD5387 /* Release */ = {
			isa = XCBuildConfiguration;
			buildSettings = {
				ALWAYS_SEARCH_USER_PATHS = NO;
				CLANG_ANALYZER_NONNULL = YES;
				CLANG_CXX_LANGUAGE_STANDARD = "gnu++0x";
				CLANG_CXX_LIBRARY = "libc++";
				CLANG_ENABLE_MODULES = YES;
				CLANG_ENABLE_OBJC_ARC = YES;
				CLANG_WARN_BOOL_CONVERSION = YES;
				CLANG_WARN_CONSTANT_CONVERSION = YES;
				CLANG_WARN_DIRECT_OBJC_ISA_USAGE = YES_ERROR;
				CLANG_WARN_DOCUMENTATION_COMMENTS = YES;
				CLANG_WARN_EMPTY_BODY = YES;
				CLANG_WARN_ENUM_CONVERSION = YES;
				CLANG_WARN_INFINITE_RECURSION = YES;
				CLANG_WARN_INT_CONVERSION = YES;
				CLANG_WARN_OBJC_ROOT_CLASS = YES_ERROR;
				CLANG_WARN_SUSPICIOUS_MOVE = YES;
				CLANG_WARN_UNREACHABLE_CODE = YES;
				CLANG_WARN__DUPLICATE_METHOD_MATCH = YES;
				"CODE_SIGN_IDENTITY[sdk=iphoneos*]" = "iPhone Developer";
				COPY_PHASE_STRIP = NO;
				DEBUG_INFORMATION_FORMAT = "dwarf-with-dsym";
				ENABLE_NS_ASSERTIONS = NO;
				ENABLE_STRICT_OBJC_MSGSEND = YES;
				GCC_C_LANGUAGE_STANDARD = gnu99;
				GCC_NO_COMMON_BLOCKS = YES;
				GCC_WARN_64_TO_32_BIT_CONVERSION = YES;
				GCC_WARN_ABOUT_RETURN_TYPE = YES_ERROR;
				GCC_WARN_UNDECLARED_SELECTOR = YES;
				GCC_WARN_UNINITIALIZED_AUTOS = YES_AGGRESSIVE;
				GCC_WARN_UNUSED_FUNCTION = YES;
				GCC_WARN_UNUSED_VARIABLE = YES;
				IPHONEOS_DEPLOYMENT_TARGET = 10.2;
				MTL_ENABLE_DEBUG_INFO = NO;
				SDKROOT = iphoneos;
				SWIFT_OPTIMIZATION_LEVEL = "-Owholemodule";
				TARGETED_DEVICE_FAMILY = "1,2";
				VALIDATE_PRODUCT = YES;
			};
			name = Release;
		};
		E50AEB191E7FD0BA00AD5387 /* Debug */ = {
			isa = XCBuildConfiguration;
			buildSettings = {
				ASSETCATALOG_COMPILER_APPICON_NAME = AppIcon;
				DEVELOPMENT_TEAM = 7D58NW9336;
				INFOPLIST_FILE = FirstRepository/Info.plist;
				LD_RUNPATH_SEARCH_PATHS = "$(inherited) @executable_path/Frameworks";
				PRODUCT_BUNDLE_IDENTIFIER = com.FirstRepository;
				PRODUCT_NAME = "$(TARGET_NAME)";
				SWIFT_VERSION = 3.0;
			};
			name = Debug;
		};
		E50AEB1A1E7FD0BA00AD5387 /* Release */ = {
			isa = XCBuildConfiguration;
			buildSettings = {
				ASSETCATALOG_COMPILER_APPICON_NAME = AppIcon;
				DEVELOPMENT_TEAM = 7D58NW9336;
				INFOPLIST_FILE = FirstRepository/Info.plist;
				LD_RUNPATH_SEARCH_PATHS = "$(inherited) @executable_path/Frameworks";
				PRODUCT_BUNDLE_IDENTIFIER = com.FirstRepository;
				PRODUCT_NAME = "$(TARGET_NAME)";
				SWIFT_VERSION = 3.0;
			};
			name = Release;
		};
/* End XCBuildConfiguration section */

/* Begin XCConfigurationList section */
		E50AEB011E7FD0B900AD5387 /* Build configuration list for PBXProject "FirstRepository" */ = {
			isa = XCConfigurationList;
			buildConfigurations = (
				E50AEB161E7FD0BA00AD5387 /* Debug */,
				E50AEB171E7FD0BA00AD5387 /* Release */,
			);
			defaultConfigurationIsVisible = 0;
			defaultConfigurationName = Release;
		};
		E50AEB181E7FD0BA00AD5387 /* Build configuration list for PBXNativeTarget "FirstRepository" */ = {
			isa = XCConfigurationList;
			buildConfigurations = (
				E50AEB191E7FD0BA00AD5387 /* Debug */,
				E50AEB1A1E7FD0BA00AD5387 /* Release */,
			);
			defaultConfigurationIsVisible = 0;
		};
/* End XCConfigurationList section */
	};
	rootObject = E50AEAFE1E7FD0B900AD5387 /* Project object */;
}
